
Microsoft Visual Studio Solution File, Format Version 12.00
# Visual Studio Version 17
VisualStudioVersion = 17.9.34616.47
MinimumVisualStudioVersion = 10.0.40219.1
Project("{FAE04EC0-301F-11D3-BF4B-00C04F79EFBC}") = "tpmod5_1302223055", "tpmod5_1302223055\tpmod5_1302223055.csproj", "{D738D7FF-DC1E-49C8-A929-F1DA6D9B8FDA}"
EndProject
Global
	GlobalSection(SolutionConfigurationPlatforms) = preSolution
		Debug|Any CPU = Debug|Any CPU
		Release|Any CPU = Release|Any CPU
	EndGlobalSection
	GlobalSection(ProjectConfigurationPlatforms) = postSolution
		{D738D7FF-DC1E-49C8-A929-F1DA6D9B8FDA}.Debug|Any CPU.ActiveCfg = Debug|Any CPU
		{D738D7FF-DC1E-49C8-A929-F1DA6D9B8FDA}.Debug|Any CPU.Build.0 = Debug|Any CPU
		{D738D7FF-DC1E-49C8-A929-F1DA6D9B8FDA}.Release|Any CPU.ActiveCfg = Release|Any CPU
		{D738D7FF-DC1E-49C8-A929-F1DA6D9B8FDA}.Release|Any CPU.Build.0 = Release|Any CPU
	EndGlobalSection
	GlobalSection(SolutionProperties) = preSolution
		HideSolutionNode = FALSE
	EndGlobalSection
	GlobalSection(ExtensibilityGlobals) = postSolution
		SolutionGuid = {1F8E962B-1582-4D19-B756-721D036DA84B}
	EndGlobalSection
EndGlobal
